
Microsoft Visual Studio Solution File, Format Version 12.00
# Visual Studio Version 17
VisualStudioVersion = 17.0.31903.59
MinimumVisualStudioVersion = 10.0.40219.1
Project("{FAE04EC0-301F-11D3-BF4B-00C04F79EFBC}") = "Frcs6.Extensions.Caching.MongoDB", "src\Frcs6.Extensions.Caching.MongoDB\Frcs6.Extensions.Caching.MongoDB.csproj", "{2A3013F2-A29C-46ED-87B2-B62CDD8E1AA3}"
EndProject
Project("{FAE04EC0-301F-11D3-BF4B-00C04F79EFBC}") = "Frcs6.Extensions.Caching.MongoDB.Tests", "tests\Frcs6.Extensions.Caching.MongoDB.Tests\Frcs6.Extensions.Caching.MongoDB.Tests.csproj", "{8C1880AD-1E66-4982-B119-1D9D1A64E3FF}"
EndProject
Project("{FAE04EC0-301F-11D3-BF4B-00C04F79EFBC}") = "Frcs6.Extensions.Caching.MongoDB.IntegratedTests", "tests\Frcs6.Extensions.Caching.MongoDB.IntegratedTests\Frcs6.Extensions.Caching.MongoDB.IntegratedTests.csproj", "{017D034F-36DA-4398-93B9-1553407AC4E1}"
EndProject
Global
	GlobalSection(SolutionConfigurationPlatforms) = preSolution
		Debug|Any CPU = Debug|Any CPU
		Release|Any CPU = Release|Any CPU
	EndGlobalSection
	GlobalSection(SolutionProperties) = preSolution
		HideSolutionNode = FALSE
	EndGlobalSection
	GlobalSection(ProjectConfigurationPlatforms) = postSolution
		{2A3013F2-A29C-46ED-87B2-B62CDD8E1AA3}.Debug|Any CPU.ActiveCfg = Debug|Any CPU
		{2A3013F2-A29C-46ED-87B2-B62CDD8E1AA3}.Debug|Any CPU.Build.0 = Debug|Any CPU
		{2A3013F2-A29C-46ED-87B2-B62CDD8E1AA3}.Release|Any CPU.ActiveCfg = Release|Any CPU
		{2A3013F2-A29C-46ED-87B2-B62CDD8E1AA3}.Release|Any CPU.Build.0 = Release|Any CPU
		{8C1880AD-1E66-4982-B119-1D9D1A64E3FF}.Debug|Any CPU.ActiveCfg = Debug|Any CPU
		{8C1880AD-1E66-4982-B119-1D9D1A64E3FF}.Debug|Any CPU.Build.0 = Debug|Any CPU
		{8C1880AD-1E66-4982-B119-1D9D1A64E3FF}.Release|Any CPU.ActiveCfg = Release|Any CPU
		{8C1880AD-1E66-4982-B119-1D9D1A64E3FF}.Release|Any CPU.Build.0 = Release|Any CPU
		{017D034F-36DA-4398-93B9-1553407AC4E1}.Debug|Any CPU.ActiveCfg = Debug|Any CPU
		{017D034F-36DA-4398-93B9-1553407AC4E1}.Debug|Any CPU.Build.0 = Debug|Any CPU
		{017D034F-36DA-4398-93B9-1553407AC4E1}.Release|Any CPU.ActiveCfg = Release|Any CPU
		{017D034F-36DA-4398-93B9-1553407AC4E1}.Release|Any CPU.Build.0 = Release|Any CPU
	EndGlobalSection
EndGlobal
