
Microsoft Visual Studio Solution File, Format Version 12.00
# Visual Studio Version 17
VisualStudioVersion = 17.0.31903.59
MinimumVisualStudioVersion = 10.0.40219.1
Project("{2150E333-8FDC-42A3-9474-1A3956D46DE8}") = "src", "src", "{8E4F078C-64FF-4B0F-B2EC-06F814812DB4}"
EndProject
Project("{FAE04EC0-301F-11D3-BF4B-00C04F79EFBC}") = "Frcs6.Extensions.Caching.MongoDB", "src\Frcs6.Extensions.Caching.MongoDB\Frcs6.Extensions.Caching.MongoDB.csproj", "{CB705FEA-F148-4E4A-A05E-4A816E026B21}"
EndProject
Project("{2150E333-8FDC-42A3-9474-1A3956D46DE8}") = "tests", "tests", "{3B25B6A7-4507-43EB-A2F6-70073F3E4880}"
EndProject
Project("{FAE04EC0-301F-11D3-BF4B-00C04F79EFBC}") = "Frcs6.Extensions.Caching.MongoDB.Test.Base", "tests\Frcs6.Extensions.Caching.MongoDB.Test.Base\Frcs6.Extensions.Caching.MongoDB.Test.Base.csproj", "{B48344CC-E767-4FB5-9162-C193D1A77023}"
EndProject
Project("{FAE04EC0-301F-11D3-BF4B-00C04F79EFBC}") = "Frcs6.Extensions.Caching.MongoDB.Tests", "tests\Frcs6.Extensions.Caching.MongoDB.Tests\Frcs6.Extensions.Caching.MongoDB.Tests.csproj", "{1979A3FD-E8FD-4E39-9367-331556F4E0D8}"
EndProject
Project("{FAE04EC0-301F-11D3-BF4B-00C04F79EFBC}") = "Frcs6.Extensions.Caching.MongoDB.Test.Integrated", "tests\Frcs6.Extensions.Caching.MongoDB.Test.Integrated\Frcs6.Extensions.Caching.MongoDB.Test.Integrated.csproj", "{9E4443A2-8741-48E0-8FC8-6C3084CEFE5A}"
EndProject
Global
	GlobalSection(SolutionConfigurationPlatforms) = preSolution
		Debug|Any CPU = Debug|Any CPU
		Release|Any CPU = Release|Any CPU
	EndGlobalSection
	GlobalSection(SolutionProperties) = preSolution
		HideSolutionNode = FALSE
	EndGlobalSection
	GlobalSection(ProjectConfigurationPlatforms) = postSolution
		{CB705FEA-F148-4E4A-A05E-4A816E026B21}.Debug|Any CPU.ActiveCfg = Debug|Any CPU
		{CB705FEA-F148-4E4A-A05E-4A816E026B21}.Debug|Any CPU.Build.0 = Debug|Any CPU
		{CB705FEA-F148-4E4A-A05E-4A816E026B21}.Release|Any CPU.ActiveCfg = Release|Any CPU
		{CB705FEA-F148-4E4A-A05E-4A816E026B21}.Release|Any CPU.Build.0 = Release|Any CPU
		{B48344CC-E767-4FB5-9162-C193D1A77023}.Debug|Any CPU.ActiveCfg = Debug|Any CPU
		{B48344CC-E767-4FB5-9162-C193D1A77023}.Debug|Any CPU.Build.0 = Debug|Any CPU
		{B48344CC-E767-4FB5-9162-C193D1A77023}.Release|Any CPU.ActiveCfg = Release|Any CPU
		{B48344CC-E767-4FB5-9162-C193D1A77023}.Release|Any CPU.Build.0 = Release|Any CPU
		{1979A3FD-E8FD-4E39-9367-331556F4E0D8}.Debug|Any CPU.ActiveCfg = Debug|Any CPU
		{1979A3FD-E8FD-4E39-9367-331556F4E0D8}.Debug|Any CPU.Build.0 = Debug|Any CPU
		{1979A3FD-E8FD-4E39-9367-331556F4E0D8}.Release|Any CPU.ActiveCfg = Release|Any CPU
		{1979A3FD-E8FD-4E39-9367-331556F4E0D8}.Release|Any CPU.Build.0 = Release|Any CPU
		{9E4443A2-8741-48E0-8FC8-6C3084CEFE5A}.Debug|Any CPU.ActiveCfg = Debug|Any CPU
		{9E4443A2-8741-48E0-8FC8-6C3084CEFE5A}.Debug|Any CPU.Build.0 = Debug|Any CPU
		{9E4443A2-8741-48E0-8FC8-6C3084CEFE5A}.Release|Any CPU.ActiveCfg = Release|Any CPU
		{9E4443A2-8741-48E0-8FC8-6C3084CEFE5A}.Release|Any CPU.Build.0 = Release|Any CPU
	EndGlobalSection
	GlobalSection(NestedProjects) = preSolution
		{CB705FEA-F148-4E4A-A05E-4A816E026B21} = {8E4F078C-64FF-4B0F-B2EC-06F814812DB4}
		{B48344CC-E767-4FB5-9162-C193D1A77023} = {3B25B6A7-4507-43EB-A2F6-70073F3E4880}
		{1979A3FD-E8FD-4E39-9367-331556F4E0D8} = {3B25B6A7-4507-43EB-A2F6-70073F3E4880}
		{9E4443A2-8741-48E0-8FC8-6C3084CEFE5A} = {3B25B6A7-4507-43EB-A2F6-70073F3E4880}
	EndGlobalSection
EndGlobal